
Microsoft Visual Studio Solution File, Format Version 12.00
# Visual Studio Version 17
VisualStudioVersion = 17.6.33723.286
MinimumVisualStudioVersion = 10.0.40219.1
Project("{2150E333-8FDC-42A3-9474-1A3956D46DE8}") = "Domain", "Domain", "{12F3D09B-591D-4B65-B48A-26B099601515}"
EndProject
Project("{2150E333-8FDC-42A3-9474-1A3956D46DE8}") = "Infra.Bus", "Infra.Bus", "{C0B27861-DC9A-4553-807C-5D0A6182C51D}"
EndProject
Project("{2150E333-8FDC-42A3-9474-1A3956D46DE8}") = "Infra.IoC", "Infra.IoC", "{70E5A28F-9BDA-488F-96E0-F5082CE236E7}"
EndProject
Project("{2150E333-8FDC-42A3-9474-1A3956D46DE8}") = "Microservices", "Microservices", "{CDF8D5C5-9102-4CDB-B359-20BB5EBDB757}"
EndProject
Project("{9A19103F-16F7-4668-BE54-9A1E7A4F7556}") = "MicroRabbit.Domain.Core", "MicroRabbit.Domain.Core\MicroRabbit.Domain.Core.csproj", "{E287B892-94D3-49D1-BB4A-9C220A70A0B1}"
EndProject
Project("{FAE04EC0-301F-11D3-BF4B-00C04F79EFBC}") = "MicroRabbit.Infra.Bus", "MicroRabbit.Infra.Bus\MicroRabbit.Infra.Bus.csproj", "{B3FE9EB1-5805-4584-9E73-6ADE47E80D94}"
EndProject
Project("{FAE04EC0-301F-11D3-BF4B-00C04F79EFBC}") = "MicroRabbit.Infra.IoC", "MicroRabbit.Infra.IoC\MicroRabbit.Infra.IoC.csproj", "{366FA8B0-3154-4645-95F2-30376995D2B4}"
EndProject
Project("{2150E333-8FDC-42A3-9474-1A3956D46DE8}") = "Domain", "Domain", "{6EF827DE-50D0-44BB-B594-46AAF50F85E1}"
EndProject
Project("{2150E333-8FDC-42A3-9474-1A3956D46DE8}") = "Data", "Data", "{D17A91F6-5BFC-44BE-8E80-825BF0EDFE79}"
EndProject
Project("{2150E333-8FDC-42A3-9474-1A3956D46DE8}") = "Api", "Api", "{BF480CFB-98A9-4151-93AB-A76D9C6F717D}"
EndProject
Project("{2150E333-8FDC-42A3-9474-1A3956D46DE8}") = "Application", "Application", "{68FDF235-8716-4A0F-A777-63E98EB1DEFC}"
EndProject
Project("{FAE04EC0-301F-11D3-BF4B-00C04F79EFBC}") = "MicroRabbit.Banking.API", "MicroRabbit.Banking.API\MicroRabbit.Banking.API.csproj", "{04963055-9CA9-4AD6-BD64-F1A154302E4F}"
EndProject
Project("{FAE04EC0-301F-11D3-BF4B-00C04F79EFBC}") = "MicroRabbit.BakingApplication", "MicroRabbit.BakingApplication\MicroRabbit.BakingApplication.csproj", "{3CCE130D-5381-4B2F-8302-49AAB647BF46}"
EndProject
Project("{FAE04EC0-301F-11D3-BF4B-00C04F79EFBC}") = "MicroRabbit.Banking.Data", "MicroRabbit.Banking.Data\MicroRabbit.Banking.Data.csproj", "{1210BA05-3F38-4240-85C0-D2200EE5426F}"
EndProject
Project("{FAE04EC0-301F-11D3-BF4B-00C04F79EFBC}") = "MicroRabbit.Banking.Domain", "MicroRabbit.Banking.Domain\MicroRabbit.Banking.Domain.csproj", "{1237534C-FED0-4C9F-9A3D-8EFA185D12CA}"
EndProject
Global
	GlobalSection(SolutionConfigurationPlatforms) = preSolution
		Debug|Any CPU = Debug|Any CPU
		Release|Any CPU = Release|Any CPU
	EndGlobalSection
	GlobalSection(ProjectConfigurationPlatforms) = postSolution
		{E287B892-94D3-49D1-BB4A-9C220A70A0B1}.Debug|Any CPU.ActiveCfg = Debug|Any CPU
		{E287B892-94D3-49D1-BB4A-9C220A70A0B1}.Debug|Any CPU.Build.0 = Debug|Any CPU
		{E287B892-94D3-49D1-BB4A-9C220A70A0B1}.Release|Any CPU.ActiveCfg = Release|Any CPU
		{E287B892-94D3-49D1-BB4A-9C220A70A0B1}.Release|Any CPU.Build.0 = Release|Any CPU
		{B3FE9EB1-5805-4584-9E73-6ADE47E80D94}.Debug|Any CPU.ActiveCfg = Debug|Any CPU
		{B3FE9EB1-5805-4584-9E73-6ADE47E80D94}.Debug|Any CPU.Build.0 = Debug|Any CPU
		{B3FE9EB1-5805-4584-9E73-6ADE47E80D94}.Release|Any CPU.ActiveCfg = Release|Any CPU
		{B3FE9EB1-5805-4584-9E73-6ADE47E80D94}.Release|Any CPU.Build.0 = Release|Any CPU
		{366FA8B0-3154-4645-95F2-30376995D2B4}.Debug|Any CPU.ActiveCfg = Debug|Any CPU
		{366FA8B0-3154-4645-95F2-30376995D2B4}.Debug|Any CPU.Build.0 = Debug|Any CPU
		{366FA8B0-3154-4645-95F2-30376995D2B4}.Release|Any CPU.ActiveCfg = Release|Any CPU
		{366FA8B0-3154-4645-95F2-30376995D2B4}.Release|Any CPU.Build.0 = Release|Any CPU
		{04963055-9CA9-4AD6-BD64-F1A154302E4F}.Debug|Any CPU.ActiveCfg = Debug|Any CPU
		{04963055-9CA9-4AD6-BD64-F1A154302E4F}.Debug|Any CPU.Build.0 = Debug|Any CPU
		{04963055-9CA9-4AD6-BD64-F1A154302E4F}.Release|Any CPU.ActiveCfg = Release|Any CPU
		{04963055-9CA9-4AD6-BD64-F1A154302E4F}.Release|Any CPU.Build.0 = Release|Any CPU
		{3CCE130D-5381-4B2F-8302-49AAB647BF46}.Debug|Any CPU.ActiveCfg = Debug|Any CPU
		{3CCE130D-5381-4B2F-8302-49AAB647BF46}.Debug|Any CPU.Build.0 = Debug|Any CPU
		{3CCE130D-5381-4B2F-8302-49AAB647BF46}.Release|Any CPU.ActiveCfg = Release|Any CPU
		{3CCE130D-5381-4B2F-8302-49AAB647BF46}.Release|Any CPU.Build.0 = Release|Any CPU
		{1210BA05-3F38-4240-85C0-D2200EE5426F}.Debug|Any CPU.ActiveCfg = Debug|Any CPU
		{1210BA05-3F38-4240-85C0-D2200EE5426F}.Debug|Any CPU.Build.0 = Debug|Any CPU
		{1210BA05-3F38-4240-85C0-D2200EE5426F}.Release|Any CPU.ActiveCfg = Release|Any CPU
		{1210BA05-3F38-4240-85C0-D2200EE5426F}.Release|Any CPU.Build.0 = Release|Any CPU
		{1237534C-FED0-4C9F-9A3D-8EFA185D12CA}.Debug|Any CPU.ActiveCfg = Debug|Any CPU
		{1237534C-FED0-4C9F-9A3D-8EFA185D12CA}.Debug|Any CPU.Build.0 = Debug|Any CPU
		{1237534C-FED0-4C9F-9A3D-8EFA185D12CA}.Release|Any CPU.ActiveCfg = Release|Any CPU
		{1237534C-FED0-4C9F-9A3D-8EFA185D12CA}.Release|Any CPU.Build.0 = Release|Any CPU
	EndGlobalSection
	GlobalSection(SolutionProperties) = preSolution
		HideSolutionNode = FALSE
	EndGlobalSection
	GlobalSection(NestedProjects) = preSolution
		{E287B892-94D3-49D1-BB4A-9C220A70A0B1} = {12F3D09B-591D-4B65-B48A-26B099601515}
		{B3FE9EB1-5805-4584-9E73-6ADE47E80D94} = {C0B27861-DC9A-4553-807C-5D0A6182C51D}
		{366FA8B0-3154-4645-95F2-30376995D2B4} = {70E5A28F-9BDA-488F-96E0-F5082CE236E7}
		{6EF827DE-50D0-44BB-B594-46AAF50F85E1} = {CDF8D5C5-9102-4CDB-B359-20BB5EBDB757}
		{D17A91F6-5BFC-44BE-8E80-825BF0EDFE79} = {CDF8D5C5-9102-4CDB-B359-20BB5EBDB757}
		{BF480CFB-98A9-4151-93AB-A76D9C6F717D} = {CDF8D5C5-9102-4CDB-B359-20BB5EBDB757}
		{68FDF235-8716-4A0F-A777-63E98EB1DEFC} = {CDF8D5C5-9102-4CDB-B359-20BB5EBDB757}
		{04963055-9CA9-4AD6-BD64-F1A154302E4F} = {BF480CFB-98A9-4151-93AB-A76D9C6F717D}
		{3CCE130D-5381-4B2F-8302-49AAB647BF46} = {68FDF235-8716-4A0F-A777-63E98EB1DEFC}
		{1210BA05-3F38-4240-85C0-D2200EE5426F} = {D17A91F6-5BFC-44BE-8E80-825BF0EDFE79}
		{1237534C-FED0-4C9F-9A3D-8EFA185D12CA} = {6EF827DE-50D0-44BB-B594-46AAF50F85E1}
	EndGlobalSection
	GlobalSection(ExtensibilityGlobals) = postSolution
		SolutionGuid = {6CA9DA6D-A154-4894-9F48-2669EDAE23DD}
	EndGlobalSection
EndGlobal
